
Microsoft Visual Studio Solution File, Format Version 12.00
# Visual Studio Version 17
VisualStudioVersion = 17.8.34316.72
MinimumVisualStudioVersion = 10.0.40219.1
Project("{FAE04EC0-301F-11D3-BF4B-00C04F79EFBC}") = "M11205504_Web", "M11205504_Web\M11205504_Web.csproj", "{955FD7F8-0CD5-45B2-B82C-335CC74350A0}"
EndProject
Global
	GlobalSection(SolutionConfigurationPlatforms) = preSolution
		Debug|Any CPU = Debug|Any CPU
		Release|Any CPU = Release|Any CPU
	EndGlobalSection
	GlobalSection(ProjectConfigurationPlatforms) = postSolution
		{955FD7F8-0CD5-45B2-B82C-335CC74350A0}.Debug|Any CPU.ActiveCfg = Debug|Any CPU
		{955FD7F8-0CD5-45B2-B82C-335CC74350A0}.Debug|Any CPU.Build.0 = Debug|Any CPU
		{955FD7F8-0CD5-45B2-B82C-335CC74350A0}.Release|Any CPU.ActiveCfg = Release|Any CPU
		{955FD7F8-0CD5-45B2-B82C-335CC74350A0}.Release|Any CPU.Build.0 = Release|Any CPU
	EndGlobalSection
	GlobalSection(SolutionProperties) = preSolution
		HideSolutionNode = FALSE
	EndGlobalSection
	GlobalSection(ExtensibilityGlobals) = postSolution
		SolutionGuid = {D1370ECD-8DEB-4A33-9664-5795B7067C97}
	EndGlobalSection
EndGlobal
